
Microsoft Visual Studio Solution File, Format Version 12.00
# Visual Studio Version 17
VisualStudioVersion = 17.13.35931.197
MinimumVisualStudioVersion = 10.0.40219.1
Project("{FAE04EC0-301F-11D3-BF4B-00C04F79EFBC}") = "AutoFrameworkCoreLib", "AutoFrameworkCoreLib\AutoFrameworkCoreLib.csproj", "{AAAAD3CB-736C-48CC-9DD4-AD53DA8EF626}"
EndProject
Project("{FAE04EC0-301F-11D3-BF4B-00C04F79EFBC}") = "APPUITests", "APPUITests\APPUITests.csproj", "{CCB6430E-EF2B-4827-BF79-6DDB6E4D3014}"
	ProjectSection(ProjectDependencies) = postProject
		{AAAAD3CB-736C-48CC-9DD4-AD53DA8EF626} = {AAAAD3CB-736C-48CC-9DD4-AD53DA8EF626}
	EndProjectSection
EndProject
Global
	GlobalSection(SolutionConfigurationPlatforms) = preSolution
		Debug|Any CPU = Debug|Any CPU
		Release|Any CPU = Release|Any CPU
	EndGlobalSection
	GlobalSection(ProjectConfigurationPlatforms) = postSolution
		{AAAAD3CB-736C-48CC-9DD4-AD53DA8EF626}.Debug|Any CPU.ActiveCfg = Debug|Any CPU
		{AAAAD3CB-736C-48CC-9DD4-AD53DA8EF626}.Debug|Any CPU.Build.0 = Debug|Any CPU
		{AAAAD3CB-736C-48CC-9DD4-AD53DA8EF626}.Release|Any CPU.ActiveCfg = Release|Any CPU
		{AAAAD3CB-736C-48CC-9DD4-AD53DA8EF626}.Release|Any CPU.Build.0 = Release|Any CPU
		{CCB6430E-EF2B-4827-BF79-6DDB6E4D3014}.Debug|Any CPU.ActiveCfg = Debug|Any CPU
		{CCB6430E-EF2B-4827-BF79-6DDB6E4D3014}.Debug|Any CPU.Build.0 = Debug|Any CPU
		{CCB6430E-EF2B-4827-BF79-6DDB6E4D3014}.Release|Any CPU.ActiveCfg = Release|Any CPU
		{CCB6430E-EF2B-4827-BF79-6DDB6E4D3014}.Release|Any CPU.Build.0 = Release|Any CPU
	EndGlobalSection
	GlobalSection(SolutionProperties) = preSolution
		HideSolutionNode = FALSE
	EndGlobalSection
	GlobalSection(ExtensibilityGlobals) = postSolution
		SolutionGuid = {650CB745-5740-48E3-BDB9-4B135429DBB6}
	EndGlobalSection
EndGlobal
